
Microsoft Visual Studio Solution File, Format Version 12.00
# Visual Studio Version 17
VisualStudioVersion = 17.7.34202.233
MinimumVisualStudioVersion = 10.0.40219.1
Project("{FAE04EC0-301F-11D3-BF4B-00C04F79EFBC}") = "OnionCrafter.Dto.Response", "src\OnionCrafter.Dto.Response\OnionCrafter.Dto.Response.csproj", "{4188C6B1-E3B0-45B2-AE89-4B43C434072A}"
EndProject
Global
	GlobalSection(SolutionConfigurationPlatforms) = preSolution
		Debug|Any CPU = Debug|Any CPU
		Release|Any CPU = Release|Any CPU
	EndGlobalSection
	GlobalSection(ProjectConfigurationPlatforms) = postSolution
		{4188C6B1-E3B0-45B2-AE89-4B43C434072A}.Debug|Any CPU.ActiveCfg = Debug|Any CPU
		{4188C6B1-E3B0-45B2-AE89-4B43C434072A}.Debug|Any CPU.Build.0 = Debug|Any CPU
		{4188C6B1-E3B0-45B2-AE89-4B43C434072A}.Release|Any CPU.ActiveCfg = Release|Any CPU
		{4188C6B1-E3B0-45B2-AE89-4B43C434072A}.Release|Any CPU.Build.0 = Release|Any CPU
	EndGlobalSection
	GlobalSection(SolutionProperties) = preSolution
		HideSolutionNode = FALSE
	EndGlobalSection
	GlobalSection(ExtensibilityGlobals) = postSolution
		SolutionGuid = {1809CBA6-F16E-4002-A971-81357943244E}
	EndGlobalSection
EndGlobal
